
Microsoft Visual Studio Solution File, Format Version 12.00
# Visual Studio Version 17
VisualStudioVersion = 17.13.35818.85 d17.13
MinimumVisualStudioVersion = 10.0.40219.1
Project("{FAE04EC0-301F-11D3-BF4B-00C04F79EFBC}") = "AzureFunctionsProject", "AzureFunctionsProject.csproj", "{79E5E473-F92A-49BC-A2A8-97B57B9FD3D5}"
EndProject
Global
	GlobalSection(SolutionConfigurationPlatforms) = preSolution
		Debug|Any CPU = Debug|Any CPU
		Release|Any CPU = Release|Any CPU
	EndGlobalSection
	GlobalSection(ProjectConfigurationPlatforms) = postSolution
		{79E5E473-F92A-49BC-A2A8-97B57B9FD3D5}.Debug|Any CPU.ActiveCfg = Debug|Any CPU
		{79E5E473-F92A-49BC-A2A8-97B57B9FD3D5}.Debug|Any CPU.Build.0 = Debug|Any CPU
		{79E5E473-F92A-49BC-A2A8-97B57B9FD3D5}.Release|Any CPU.ActiveCfg = Release|Any CPU
		{79E5E473-F92A-49BC-A2A8-97B57B9FD3D5}.Release|Any CPU.Build.0 = Release|Any CPU
	EndGlobalSection
	GlobalSection(SolutionProperties) = preSolution
		HideSolutionNode = FALSE
	EndGlobalSection
	GlobalSection(ExtensibilityGlobals) = postSolution
		SolutionGuid = {D5A35871-0DA4-410F-8F7D-3E554E2C7C5C}
	EndGlobalSection
EndGlobal
